
Microsoft Visual Studio Solution File, Format Version 12.00
# Visual Studio 14
VisualStudioVersion = 14.0.25420.1
MinimumVisualStudioVersion = 10.0.40219.1
Project("{FAE04EC0-301F-11D3-BF4B-00C04F79EFBC}") = "gravel.core", "gravel.core\gravel.core.csproj", "{AB86756C-4DD8-436C-9275-345415B62A4F}"
EndProject
Project("{FAE04EC0-301F-11D3-BF4B-00C04F79EFBC}") = "gravel.service", "gravel.service\gravel.service.csproj", "{6AA6DF98-A100-41C8-80C2-8F6A79C70E4D}"
EndProject
Project("{FAE04EC0-301F-11D3-BF4B-00C04F79EFBC}") = "gravel.webapi", "gravel.webapi\gravel.webapi.csproj", "{5A2F315E-71EC-40BF-B029-AEAE5D3EAFCB}"
EndProject
Global
	GlobalSection(SolutionConfigurationPlatforms) = preSolution
		Debug|Any CPU = Debug|Any CPU
		Release|Any CPU = Release|Any CPU
	EndGlobalSection
	GlobalSection(ProjectConfigurationPlatforms) = postSolution
		{AB86756C-4DD8-436C-9275-345415B62A4F}.Debug|Any CPU.ActiveCfg = Debug|Any CPU
		{AB86756C-4DD8-436C-9275-345415B62A4F}.Debug|Any CPU.Build.0 = Debug|Any CPU
		{AB86756C-4DD8-436C-9275-345415B62A4F}.Release|Any CPU.ActiveCfg = Release|Any CPU
		{AB86756C-4DD8-436C-9275-345415B62A4F}.Release|Any CPU.Build.0 = Release|Any CPU
		{6AA6DF98-A100-41C8-80C2-8F6A79C70E4D}.Debug|Any CPU.ActiveCfg = Debug|Any CPU
		{6AA6DF98-A100-41C8-80C2-8F6A79C70E4D}.Debug|Any CPU.Build.0 = Debug|Any CPU
		{6AA6DF98-A100-41C8-80C2-8F6A79C70E4D}.Release|Any CPU.ActiveCfg = Release|Any CPU
		{6AA6DF98-A100-41C8-80C2-8F6A79C70E4D}.Release|Any CPU.Build.0 = Release|Any CPU
		{5A2F315E-71EC-40BF-B029-AEAE5D3EAFCB}.Debug|Any CPU.ActiveCfg = Debug|Any CPU
		{5A2F315E-71EC-40BF-B029-AEAE5D3EAFCB}.Debug|Any CPU.Build.0 = Debug|Any CPU
		{5A2F315E-71EC-40BF-B029-AEAE5D3EAFCB}.Release|Any CPU.ActiveCfg = Release|Any CPU
		{5A2F315E-71EC-40BF-B029-AEAE5D3EAFCB}.Release|Any CPU.Build.0 = Release|Any CPU
	EndGlobalSection
	GlobalSection(SolutionProperties) = preSolution
		HideSolutionNode = FALSE
	EndGlobalSection
EndGlobal
